# This file is automatically @generated by Poetry 1.8.3 and should not be changed by hand.

[[package]]
name = "anyio"
version = "4.5.2"
description = "High level compatibility layer for multiple asynchronous event loop implementations"
optional = false
python-versions = ">=3.8"
files = [
    {file = "anyio-4.5.2-py3-none-any.whl", hash = "sha256:c011ee36bc1e8ba40e5a81cb9df91925c218fe9b778554e0b56a21e1b5d4716f"},
    {file = "anyio-4.5.2.tar.gz", hash = "sha256:23009af4ed04ce05991845451e11ef02fc7c5ed29179ac9a420e5ad0ac7ddc5b"},
]

[package.dependencies]
exceptiongroup = {version = ">=1.0.2", markers = "python_version < \"3.11\""}
idna = ">=2.8"
sniffio = ">=1.1"
typing-extensions = {version = ">=4.1", markers = "python_version < \"3.11\""}

[package.extras]
doc = ["Sphinx (>=7.4,<8.0)", "packaging", "sphinx-autodoc-typehints (>=1.2.0)", "sphinx-rtd-theme"]
test = ["anyio[trio]", "coverage[toml] (>=7)", "exceptiongroup (>=1.2.0)", "hypothesis (>=4.0)", "psutil (>=5.9)", "pytest (>=7.0)", "pytest-mock (>=3.6.1)", "trustme", "truststore (>=0.9.1)", "uvloop (>=0.21.0b1)"]
trio = ["trio (>=0.26.1)"]

[[package]]
name = "certifi"
version = "2025.4.26"
description = "Python package for providing Mozilla's CA Bundle."
optional = false
python-versions = ">=3.6"
files = [
    {file = "certifi-2025.4.26-py3-none-any.whl", hash = "sha256:30350364dfe371162649852c63336a15c70c6510c2ad5015b21c2345311805f3"},
    {file = "certifi-2025.4.26.tar.gz", hash = "sha256:0a816057ea3cdefcef70270d2c515e4506bbc954f417fa5ade2021213bb8f0c6"},
]

[[package]]
name = "click"
version = "8.1.8"
description = "Composable command line interface toolkit"
optional = false
python-versions = ">=3.7"
files = [
    {file = "click-8.1.8-py3-none-any.whl", hash = "sha256:63c132bbbed01578a06712a2d1f497bb62d9c1c0d329b7903a866228027263b2"},
    {file = "click-8.1.8.tar.gz", hash = "sha256:ed53c9d8990d83c2a27deae68e4ee337473f6330c040a31d4225c9574d16096a"},
]

[package.dependencies]
colorama = {version = "*", markers = "platform_system == \"Windows\""}

[[package]]
name = "colorama"
version = "0.4.6"
description = "Cross-platform colored terminal text."
optional = false
python-versions = "!=3.0.*,!=3.1.*,!=3.2.*,!=3.3.*,!=3.4.*,!=3.5.*,!=3.6.*,>=2.7"
files = [
    {file = "colorama-0.4.6-py2.py3-none-any.whl", hash = "sha256:4f1d9991f5acc0ca119f9d443620b77f9d6b33703e51011c16baf57afb285fc6"},
    {file = "colorama-0.4.6.tar.gz", hash = "sha256:08695f5cb7ed6e0531a20572697297273c47b8cae5a63ffc6d6ed5c201be6e44"},
]

[[package]]
name = "distro"
version = "1.9.0"
description = "Distro - an OS platform information API"
optional = false
python-versions = ">=3.6"
files = [
    {file = "distro-1.9.0-py3-none-any.whl", hash = "sha256:7bffd925d65168f85027d8da9af6bddab658135b840670a223589bc0c8ef02b2"},
    {file = "distro-1.9.0.tar.gz", hash = "sha256:2fa77c6fd8940f116ee1d6b94a2f90b13b5ea8d019b98bc8bafdcabcdd9bdbed"},
]

[[package]]
name = "exceptiongroup"
version = "1.3.0"
description = "Backport of PEP 654 (exception groups)"
optional = false
python-versions = ">=3.7"
files = [
    {file = "exceptiongroup-1.3.0-py3-none-any.whl", hash = "sha256:4d111e6e0c13d0644cad6ddaa7ed0261a0b36971f6d23e7ec9b4b9097da78a10"},
    {file = "exceptiongroup-1.3.0.tar.gz", hash = "sha256:b241f5885f560bc56a59ee63ca4c6a8bfa46ae4ad651af316d4e81817bb9fd88"},
]

[package.dependencies]
typing-extensions = {version = ">=4.6.0", markers = "python_version < \"3.13\""}

[package.extras]
test = ["pytest (>=6)"]

[[package]]
name = "h11"
version = "0.16.0"
description = "A pure-Python, bring-your-own-I/O implementation of HTTP/1.1"
optional = false
python-versions = ">=3.8"
files = [
    {file = "h11-0.16.0-py3-none-any.whl", hash = "sha256:63cf8bbe7522de3bf65932fda1d9c2772064ffb3dae62d55932da54b31cb6c86"},
    {file = "h11-0.16.0.tar.gz", hash = "sha256:4e35b956cf45792e4caa5885e69fba00bdbc6ffafbfa020300e549b208ee5ff1"},
]

[[package]]
name = "httpcore"
version = "1.0.9"
description = "A minimal low-level HTTP client."
optional = false
python-versions = ">=3.8"
files = [
    {file = "httpcore-1.0.9-py3-none-any.whl", hash = "sha256:2d400746a40668fc9dec9810239072b40b4484b640a8c38fd654a024c7a1bf55"},
    {file = "httpcore-1.0.9.tar.gz", hash = "sha256:6e34463af53fd2ab5d807f399a9b45ea31c3dfa2276f15a2c3f00afff6e176e8"},
]

[package.dependencies]
certifi = "*"
h11 = ">=0.16"

[package.extras]
asyncio = ["anyio (>=4.0,<5.0)"]
http2 = ["h2 (>=3,<5)"]
socks = ["socksio (==1.*)"]
trio = ["trio (>=0.22.0,<1.0)"]

[[package]]
name = "httpx"
version = "0.28.1"
description = "The next generation HTTP client."
optional = false
python-versions = ">=3.8"
files = [
    {file = "httpx-0.28.1-py3-none-any.whl", hash = "sha256:d909fcccc110f8c7faf814ca82a9a4d816bc5a6dbfea25d6591d6985b8ba59ad"},
    {file = "httpx-0.28.1.tar.gz", hash = "sha256:75e98c5f16b0f35b567856f597f06ff2270a374470a5c2392242528e3e3e42fc"},
]

[package.dependencies]
anyio = "*"
certifi = "*"
httpcore = "==1.*"
idna = "*"

[package.extras]
brotli = ["brotli", "brotlicffi"]
cli = ["click (==8.*)", "pygments (==2.*)", "rich (>=10,<14)"]
http2 = ["h2 (>=3,<5)"]
socks = ["socksio (==1.*)"]
zstd = ["zstandard (>=0.18.0)"]

[[package]]
name = "idna"
version = "3.10"
description = "Internationalized Domain Names in Applications (IDNA)"
optional = false
python-versions = ">=3.6"
files = [
    {file = "idna-3.10-py3-none-any.whl", hash = "sha256:946d195a0d259cbba61165e88e65941f16e9b36ea6ddb97f00452bae8b1287d3"},
    {file = "idna-3.10.tar.gz", hash = "sha256:12f65c9b470abda6dc35cf8e63cc574b1c52b11df2c86030af0ac09b01b13ea9"},
]

[package.extras]
all = ["flake8 (>=7.1.1)", "mypy (>=1.11.2)", "pytest (>=8.3.2)", "ruff (>=0.6.2)"]

[[package]]
name = "jiter"
version = "0.9.1"
description = "Fast iterable JSON parser."
optional = false
python-versions = ">=3.8"
files = [
    {file = "jiter-0.9.1-cp310-cp310-macosx_10_12_x86_64.whl", hash = "sha256:c0163baa7ee85860fdc14cc39263014500df901eeffdf94c1eab9a2d713b2a9d"},
    {file = "jiter-0.9.1-cp310-cp310-macosx_11_0_arm64.whl", hash = "sha256:514d4dd845e0af4da15112502e6fcb952f0721f27f17e530454e379472b90c14"},
    {file = "jiter-0.9.1-cp310-cp310-manylinux_2_17_aarch64.manylinux2014_aarch64.whl", hash = "sha256:b879faee1cc1a67fde3f3f370041239fd260ac452bd53e861aa4a94a51e3fd02"},
    {file = "jiter-0.9.1-cp310-cp310-manylinux_2_17_armv7l.manylinux2014_armv7l.whl", hash = "sha256:20a5ce641f93bfb8d8e336f8c4a045e491652f41eaacc707b15b245ece611e72"},
    {file = "jiter-0.9.1-cp310-cp310-manylinux_2_17_ppc64le.manylinux2014_ppc64le.whl", hash = "sha256:8575b1d2b49df04ca82d658882f4a432b7ed315a69126a379df4d10aeb416021"},
    {file = "jiter-0.9.1-cp310-cp310-manylinux_2_17_s390x.manylinux2014_s390x.whl", hash = "sha256:cc61831699904e0c58e82943f529713833db87acd13f95a3c0feb791f862d47b"},
    {file = "jiter-0.9.1-cp310-cp310-manylinux_2_17_x86_64.manylinux2014_x86_64.whl", hash = "sha256:0fb733faf4d0e730d6663873249c1acb572fc8bd9dae3836ceda69751f27c5be"},
    {file = "jiter-0.9.1-cp310-cp310-manylinux_2_5_i686.manylinux1_i686.whl", hash = "sha256:d903b3bb917c0df24f2ef62f587c8f32f6003cb2f97264109ca56c023262557f"},
    {file = "jiter-0.9.1-cp310-cp310-musllinux_1_1_aarch64.whl", hash = "sha256:eac3eb5206845b170142c016ae467eca523a25459dc9c53fcd8e154ea263406c"},
    {file = "jiter-0.9.1-cp310-cp310-musllinux_1_1_x86_64.whl", hash = "sha256:7ea0c20cfc61acc5335bb8ee36d639e6a4ded03f34f878b2b3038bb9f3bb553c"},
    {file = "jiter-0.9.1-cp310-cp310-win32.whl", hash = "sha256:0f8f812dd6d2b4112db9ab4c1079c4fe73e553a500e936657fdda394fa2517e1"},
    {file = "jiter-0.9.1-cp310-cp310-win_amd64.whl", hash = "sha256:f7f0198889170e7af6210509803e6527b402efc6c26f42e2896883597a10426f"},
    {file = "jiter-0.9.1-cp311-cp311-macosx_10_12_x86_64.whl", hash = "sha256:6b8564e3198c4c8d835fc95cc54d6bcbd2fd8dc33a047fecc12c208491196995"},
    {file = "jiter-0.9.1-cp311-cp311-macosx_11_0_arm64.whl", hash = "sha256:90b92044588d14efe89b394eca735adc4ac096eba82dc75d93c3083b1eebce8d"},
    {file = "jiter-0.9.1-cp311-cp311-manylinux_2_17_aarch64.manylinux2014_aarch64.whl", hash = "sha256:3505f7f419b355c7788fcaae0dfc4c6ccbc50c0dc3633a2da797e841c5a423dc"},
    {file = "jiter-0.9.1-cp311-cp311-manylinux_2_17_armv7l.manylinux2014_armv7l.whl", hash = "sha256:93af8c3f4a3bf145c690e857a945eb5c655534bf95c67e1447d85c02e5af64d7"},
    {file = "jiter-0.9.1-cp311-cp311-manylinux_2_17_ppc64le.manylinux2014_ppc64le.whl", hash = "sha256:43b81dd21e260a249780764921b1f9a6379cb31e24e7b61e6bf0799f38ec4b91"},
    {file = "jiter-0.9.1-cp311-cp311-manylinux_2_17_s390x.manylinux2014_s390x.whl", hash = "sha256:db639fad5631b3d1692609f6dd77b64e8578321b7aeec07a026acd2c867c04a5"},
    {file = "jiter-0.9.1-cp311-cp311-manylinux_2_17_x86_64.manylinux2014_x86_64.whl", hash = "sha256:15356b943e70ca7ab3b587ffaffadc0158467f6c4e0b491e52a0743c4bdf5ba1"},
    {file = "jiter-0.9.1-cp311-cp311-manylinux_2_5_i686.manylinux1_i686.whl", hash = "sha256:53a7033a46141ff815518a6972d657c75d8f5946b9315e1c25b07e9677c1ff6c"},
    {file = "jiter-0.9.1-cp311-cp311-musllinux_1_1_aarch64.whl", hash = "sha256:68cf519a6f00b8127f9be64a37e97e978094438abced5adebe088a98c64bdcff"},
    {file = "jiter-0.9.1-cp311-cp311-musllinux_1_1_x86_64.whl", hash = "sha256:9098abdd34cd9ddeb04768cc4f5fc725ebd9a52978c488da74e58a837ce93506"},
    {file = "jiter-0.9.1-cp311-cp311-win32.whl", hash = "sha256:7179ce96aecd096af890dd57b84133e47a59fbde32a77734f09bafa6a4da619e"},
    {file = "jiter-0.9.1-cp311-cp311-win_amd64.whl", hash = "sha256:e6517f5b7b6f60fd77fc1099572f445be19553c6f61b907ab5b413fb7179663f"},
    {file = "jiter-0.9.1-cp312-cp312-macosx_10_12_x86_64.whl", hash = "sha256:f330c5023ce4153ceb3e8abe76ecab8c5b525824bcec4e781791d044e5b5fc3a"},
    {file = "jiter-0.9.1-cp312-cp312-macosx_11_0_arm64.whl", hash = "sha256:77de4d2d529ece2d43fc0dbe90971e9e18f42ed6dd50b40fe232e799efb72c29"},
    {file = "jiter-0.9.1-cp312-cp312-manylinux_2_17_aarch64.manylinux2014_aarch64.whl", hash = "sha256:3ed3eec217a70762a01ecfbecea27eda91d7d5792bdef41096d2c672a9e3c1fe"},
    {file = "jiter-0.9.1-cp312-cp312-manylinux_2_17_armv7l.manylinux2014_armv7l.whl", hash = "sha256:d000bb8b9b3a90fb61ff864869461c56ad2dad5f0fa71127464cb65e69ec864b"},
    {file = "jiter-0.9.1-cp312-cp312-manylinux_2_17_ppc64le.manylinux2014_ppc64le.whl", hash = "sha256:3610aed85fad26d5e107ce4e246c236b612e539b382d490761aacc4aa5d7cdbf"},
    {file = "jiter-0.9.1-cp312-cp312-manylinux_2_17_s390x.manylinux2014_s390x.whl", hash = "sha256:ae8f1f42f4b0ed244f88bb863d0777292e76e43ee2dc0dac4d63fe29bee183e5"},
    {file = "jiter-0.9.1-cp312-cp312-manylinux_2_17_x86_64.manylinux2014_x86_64.whl", hash = "sha256:2082da43e7b6174c3522a6905a9ee9187c9771e32cad7ab58360f189595a7c3f"},
    {file = "jiter-0.9.1-cp312-cp312-manylinux_2_5_i686.manylinux1_i686.whl", hash = "sha256:d82b2b8bc089c4ebff99907bdb890730e05c58169d5493473c916518f8d29f5c"},
    {file = "jiter-0.9.1-cp312-cp312-musllinux_1_1_aarch64.whl", hash = "sha256:8b7214d4064759ff34846311cabcf49715e8a7286a4431bc7444537ee2f21b1a"},
    {file = "jiter-0.9.1-cp312-cp312-musllinux_1_1_x86_64.whl", hash = "sha256:136a635797b27aeb5cacea4d0ffeff5c80081089217c5891bd28968e5df97824"},
    {file = "jiter-0.9.1-cp312-cp312-win32.whl", hash = "sha256:5da9a4e2939c4af7617fe01f7e3978fba224d93def72bc748d173f148a8b637f"},
    {file = "jiter-0.9.1-cp312-cp312-win_amd64.whl", hash = "sha256:d1434a05965d0c1f033061f21553fef5c3a352f3e880a0f503e79e6b639db10c"},
    {file = "jiter-0.9.1-cp313-cp313-macosx_10_12_x86_64.whl", hash = "sha256:cb0629af6a12804ace5f093884c2f14d5075d95951a086054e106cfdb6b8862f"},
    {file = "jiter-0.9.1-cp313-cp313-macosx_11_0_arm64.whl", hash = "sha256:d15cc2b5602fb5a16689afb507b27c650167152203394efa429a5139553dd993"},
    {file = "jiter-0.9.1-cp313-cp313-manylinux_2_17_aarch64.manylinux2014_aarch64.whl", hash = "sha256:ffbf9279273b41fb8c4360ad2590a8eea82b36665728f57b0d7b095a904016d9"},
    {file = "jiter-0.9.1-cp313-cp313-manylinux_2_17_armv7l.manylinux2014_armv7l.whl", hash = "sha256:3fca2935783d4309eed77ed2acd625f93a07b79693f7d8e58e3c18ac8981e9ea"},
    {file = "jiter-0.9.1-cp313-cp313-manylinux_2_17_ppc64le.manylinux2014_ppc64le.whl", hash = "sha256:f3f5f14d63924d3b226236c746ceb37f5ac9d3ce1251762819024f84904b4a0f"},
    {file = "jiter-0.9.1-cp313-cp313-manylinux_2_17_s390x.manylinux2014_s390x.whl", hash = "sha256:0d43dcddb437096ac48e85f6be8355d806ab9246051f95263933fa5e18d026aa"},
    {file = "jiter-0.9.1-cp313-cp313-manylinux_2_17_x86_64.manylinux2014_x86_64.whl", hash = "sha256:19773c6f730523effbca88c4a15658b481cf81e4c981fcd1212dd4beaa0cd37a"},
    {file = "jiter-0.9.1-cp313-cp313-manylinux_2_5_i686.manylinux1_i686.whl", hash = "sha256:01fcc08b6d3e29562d72edfcd6c5b0aab30b964fb0c99ad8287c2dffeb6fd38c"},
    {file = "jiter-0.9.1-cp313-cp313-musllinux_1_1_aarch64.whl", hash = "sha256:448afc1a801a518ed438667229f380bb0b8503f379d170ac947575cb7e1e4edf"},
    {file = "jiter-0.9.1-cp313-cp313-musllinux_1_1_x86_64.whl", hash = "sha256:f321fb984ed7544e77346714a25ffa5bbefddd1adcc32c8fba49030a119a31c6"},
    {file = "jiter-0.9.1-cp313-cp313-win32.whl", hash = "sha256:7db7c9a95d72668545606aeaf110549f4f42679eaa3ce5c32f8f26c1838550d8"},
    {file = "jiter-0.9.1-cp313-cp313-win_amd64.whl", hash = "sha256:a6b750ef1201fe4c431f869705607ece4adaf592e497efb6bc4138efaebb4f59"},
    {file = "jiter-0.9.1-cp313-cp313t-macosx_11_0_arm64.whl", hash = "sha256:4096dba935aa2730c7642146b065855a0f5853fd9bbe22de9e3dd39fcacc37fe"},
    {file = "jiter-0.9.1-cp313-cp313t-manylinux_2_17_x86_64.manylinux2014_x86_64.whl", hash = "sha256:13ad975e0d9d2f7e54b30d9ae8e2e1c97be422e75606bddc67427721ad13cd1c"},
    {file = "jiter-0.9.1-cp313-cp313t-win_amd64.whl", hash = "sha256:f11992b20f8a2d336b98b31bff4d8bfcc4bd5aef7840594e32d6cb44fb9b96cf"},
    {file = "jiter-0.9.1-cp38-cp38-macosx_10_12_x86_64.whl", hash = "sha256:95065923a49ae387bab62b1bf5f798beb12e6fb4469a079fdd0ecad64b40b272"},
    {file = "jiter-0.9.1-cp38-cp38-macosx_11_0_arm64.whl", hash = "sha256:a179fbc5c7922844a673be35099a3036a7276dc63753c6c81a77c3cb525f2f8d"},
    {file = "jiter-0.9.1-cp38-cp38-manylinux_2_17_aarch64.manylinux2014_aarch64.whl", hash = "sha256:abd30dc5c0183d31faf30ce8279d723809c54b3fe6d95d922d4a4b31bc462799"},
    {file = "jiter-0.9.1-cp38-cp38-manylinux_2_17_armv7l.manylinux2014_armv7l.whl", hash = "sha256:9765512bdeae269843e6615377f48123432da247e18048d05e9c5685377c241c"},
    {file = "jiter-0.9.1-cp38-cp38-manylinux_2_17_ppc64le.manylinux2014_ppc64le.whl", hash = "sha256:6f15cdbdc1e1e89e0d9ea581de63e03975043a4b40ab87d5554fdc440357b771"},
    {file = "jiter-0.9.1-cp38-cp38-manylinux_2_17_s390x.manylinux2014_s390x.whl", hash = "sha256:b1a639b2cfe56b5b687c678ed45d68f46dfb922c2f338fdfb227eb500053929d"},
    {file = "jiter-0.9.1-cp38-cp38-manylinux_2_17_x86_64.manylinux2014_x86_64.whl", hash = "sha256:41955c9d83c8470de9cc64c97b04a3ffd2f32815bb2c4307f44d8e21542b74df"},
    {file = "jiter-0.9.1-cp38-cp38-manylinux_2_5_i686.manylinux1_i686.whl", hash = "sha256:f26f6d42c330e26a6ba3471b390364faad96f3ca965a6c579957810b0c078efa"},
    {file = "jiter-0.9.1-cp38-cp38-musllinux_1_1_aarch64.whl", hash = "sha256:6a23e01bd7e918f27f02d3df8721b8a395211070a8a65aeb353209b8c72720cf"},
    {file = "jiter-0.9.1-cp38-cp38-musllinux_1_1_x86_64.whl", hash = "sha256:8a96ad217989dd9df661711c3fa2e6fb2601c4bbb482e89718110bdafbc16c9e"},
    {file = "jiter-0.9.1-cp38-cp38-win32.whl", hash = "sha256:4b180e7baa4747b3834c5a9202b1ba30dc64797f45236d9142cdb2a8807763cf"},
    {file = "jiter-0.9.1-cp38-cp38-win_amd64.whl", hash = "sha256:baf881de1fbc7b3343cce24f75a2ab6350e03fc13d16d00f452929788a6cdc3f"},
    {file = "jiter-0.9.1-cp39-cp39-macosx_10_12_x86_64.whl", hash = "sha256:ec95aa1b433c50b2b129456b4680b239ec93206ea3f86cfd41b6a70be5beb2f3"},
    {file = "jiter-0.9.1-cp39-cp39-macosx_11_0_arm64.whl", hash = "sha256:5d92cb50d135dbdd33b638fa2e0c6af25e1d635d38da13aa9ab05d021fb0c869"},
    {file = "jiter-0.9.1-cp39-cp39-manylinux_2_17_aarch64.manylinux2014_aarch64.whl", hash = "sha256:b146dc2464f1d96007271d08bdf79288a5f1aa4aae5329eb79dcffb1181c703e"},
    {file = "jiter-0.9.1-cp39-cp39-manylinux_2_17_armv7l.manylinux2014_armv7l.whl", hash = "sha256:fcf20ba858658ecd54b4710172d92009afa66d41d967c86d11607592a3c220fa"},
    {file = "jiter-0.9.1-cp39-cp39-manylinux_2_17_ppc64le.manylinux2014_ppc64le.whl", hash = "sha256:147fccc44bebdb672d4c601e9312730488b840d415e201e89c8ea0929a63dacf"},
    {file = "jiter-0.9.1-cp39-cp39-manylinux_2_17_s390x.manylinux2014_s390x.whl", hash = "sha256:a428061aae26efaa6fb690ef9e7d6224aefe4eef7524165d073beb3cdad75f6f"},
    {file = "jiter-0.9.1-cp39-cp39-manylinux_2_17_x86_64.manylinux2014_x86_64.whl", hash = "sha256:f7164d92bb901784bd3c098ac0b0beae4306ea6c741dbd3a375449a8affc5366"},
    {file = "jiter-0.9.1-cp39-cp39-manylinux_2_5_i686.manylinux1_i686.whl", hash = "sha256:93049a562233808914a2b938b0c745d7049db1667b3f42f0f5cf48e617393ba5"},
    {file = "jiter-0.9.1-cp39-cp39-musllinux_1_1_aarch64.whl", hash = "sha256:f6dcf2cb16cc15d82a018e20eeaf169e6f6cd8c426f4c312ebe11710c623bed2"},
    {file = "jiter-0.9.1-cp39-cp39-musllinux_1_1_x86_64.whl", hash = "sha256:2da9d485a7c526817cde9ff8b3394fa50ff5b782b86b6896378a3ba8844550f2"},
    {file = "jiter-0.9.1-cp39-cp39-win32.whl", hash = "sha256:ea58c155d827d24e5ba8d7958ec4738b26be0894c0881a91d88b39ff48bb06c9"},
    {file = "jiter-0.9.1-cp39-cp39-win_amd64.whl", hash = "sha256:be2e911ecdb438951290c2079fe4190e7cc5be9e849df4caeb085b83ed620ff6"},
    {file = "jiter-0.9.1.tar.gz", hash = "sha256:7852990068b6e06102ecdc44c1619855a2af63347bfb5e7e009928dcacf04fdd"},
]

[[package]]
name = "markdown-it-py"
version = "3.0.0"
description = "Python port of markdown-it. Markdown parsing, done right!"
optional = false
python-versions = ">=3.8"
files = [
    {file = "markdown-it-py-3.0.0.tar.gz", hash = "sha256:e3f60a94fa066dc52ec76661e37c851cb232d92f9886b15cb560aaada2df8feb"},
    {file = "markdown_it_py-3.0.0-py3-none-any.whl", hash = "sha256:355216845c60bd96232cd8d8c40e8f9765cc86f46880e43a8fd22dc1a1a8cab1"},
]

[package.dependencies]
mdurl = ">=0.1,<1.0"

[package.extras]
benchmarking = ["psutil", "pytest", "pytest-benchmark"]
code-style = ["pre-commit (>=3.0,<4.0)"]
compare = ["commonmark (>=0.9,<1.0)", "markdown (>=3.4,<4.0)", "mistletoe (>=1.0,<2.0)", "mistune (>=2.0,<3.0)", "panflute (>=2.3,<3.0)"]
linkify = ["linkify-it-py (>=1,<3)"]
plugins = ["mdit-py-plugins"]
profiling = ["gprof2dot"]
rtd = ["jupyter_sphinx", "mdit-py-plugins", "myst-parser", "pyyaml", "sphinx", "sphinx-copybutton", "sphinx-design", "sphinx_book_theme"]
testing = ["coverage", "pytest", "pytest-cov", "pytest-regressions"]

[[package]]
name = "mdurl"
version = "0.1.2"
description = "Markdown URL utilities"
optional = false
python-versions = ">=3.7"
files = [
    {file = "mdurl-0.1.2-py3-none-any.whl", hash = "sha256:84008a41e51615a49fc9966191ff91509e3c40b939176e643fd50a5c2196b8f8"},
    {file = "mdurl-0.1.2.tar.gz", hash = "sha256:bb413d29f5eea38f31dd4754dd7377d4465116fb207585f97bf925588687c1ba"},
]

[[package]]
name = "openai"
version = "1.82.1"
description = "The official Python library for the openai API"
optional = false
python-versions = ">=3.8"
files = [
    {file = "openai-1.82.1-py3-none-any.whl", hash = "sha256:334eb5006edf59aa464c9e932b9d137468d810b2659e5daea9b3a8c39d052395"},
    {file = "openai-1.82.1.tar.gz", hash = "sha256:ffc529680018e0417acac85f926f92aa0bbcbc26e82e2621087303c66bc7f95d"},
]

[package.dependencies]
anyio = ">=3.5.0,<5"
distro = ">=1.7.0,<2"
httpx = ">=0.23.0,<1"
jiter = ">=0.4.0,<1"
pydantic = ">=1.9.0,<3"
sniffio = "*"
tqdm = ">4"
typing-extensions = ">=4.11,<5"

[package.extras]
datalib = ["numpy (>=1)", "pandas (>=1.2.3)", "pandas-stubs (>=1.1.0.11)"]
realtime = ["websockets (>=13,<16)"]
voice-helpers = ["numpy (>=2.0.2)", "sounddevice (>=0.5.1)"]

[[package]]
name = "pydantic"
version = "1.10.22"
description = "Data validation and settings management using python type hints"
optional = false
python-versions = ">=3.7"
files = [
    {file = "pydantic-1.10.22-cp310-cp310-macosx_10_9_x86_64.whl", hash = "sha256:57889565ccc1e5b7b73343329bbe6198ebc472e3ee874af2fa1865cfe7048228"},
    {file = "pydantic-1.10.22-cp310-cp310-macosx_11_0_arm64.whl", hash = "sha256:90729e22426de79bc6a3526b4c45ec4400caf0d4f10d7181ba7f12c01bb3897d"},
    {file = "pydantic-1.10.22-cp310-cp310-manylinux_2_17_x86_64.manylinux2014_x86_64.whl", hash = "sha256:8f8684d347f351554ec94fdcb507983d3116dc4577fb8799fed63c65869a2d10"},
    {file = "pydantic-1.10.22-cp310-cp310-manylinux_2_5_i686.manylinux1_i686.manylinux_2_17_i686.manylinux2014_i686.whl", hash = "sha256:c8dad498ceff2d9ef1d2e2bc6608f5b59b8e1ba2031759b22dfb8c16608e1802"},
    {file = "pydantic-1.10.22-cp310-cp310-musllinux_1_2_i686.whl", hash = "sha256:fac529cc654d4575cf8de191cce354b12ba705f528a0a5c654de6d01f76cd818"},
    {file = "pydantic-1.10.22-cp310-cp310-musllinux_1_2_x86_64.whl", hash = "sha256:4148232aded8dd1dd13cf910a01b32a763c34bd79a0ab4d1ee66164fcb0b7b9d"},
    {file = "pydantic-1.10.22-cp310-cp310-win_amd64.whl", hash = "sha256:ece68105d9e436db45d8650dc375c760cc85a6793ae019c08769052902dca7db"},
    {file = "pydantic-1.10.22-cp311-cp311-macosx_10_9_x86_64.whl", hash = "sha256:8e530a8da353f791ad89e701c35787418605d35085f4bdda51b416946070e938"},
    {file = "pydantic-1.10.22-cp311-cp311-macosx_11_0_arm64.whl", hash = "sha256:654322b85642e9439d7de4c83cb4084ddd513df7ff8706005dada43b34544946"},
    {file = "pydantic-1.10.22-cp311-cp311-manylinux_2_17_x86_64.manylinux2014_x86_64.whl", hash = "sha256:a8bece75bd1b9fc1c32b57a32831517943b1159ba18b4ba32c0d431d76a120ae"},
    {file = "pydantic-1.10.22-cp311-cp311-manylinux_2_5_i686.manylinux1_i686.manylinux_2_17_i686.manylinux2014_i686.whl", hash = "sha256:eccb58767f13c6963dcf96d02cb8723ebb98b16692030803ac075d2439c07b0f"},
    {file = "pydantic-1.10.22-cp311-cp311-musllinux_1_2_i686.whl", hash = "sha256:7778e6200ff8ed5f7052c1516617423d22517ad36cc7a3aedd51428168e3e5e8"},
    {file = "pydantic-1.10.22-cp311-cp311-musllinux_1_2_x86_64.whl", hash = "sha256:bffe02767d27c39af9ca7dc7cd479c00dda6346bb62ffc89e306f665108317a2"},
    {file = "pydantic-1.10.22-cp311-cp311-win_amd64.whl", hash = "sha256:23bc19c55427091b8e589bc08f635ab90005f2dc99518f1233386f46462c550a"},
    {file = "pydantic-1.10.22-cp312-cp312-macosx_10_13_x86_64.whl", hash = "sha256:92d0f97828a075a71d9efc65cf75db5f149b4d79a38c89648a63d2932894d8c9"},
    {file = "pydantic-1.10.22-cp312-cp312-macosx_11_0_arm64.whl", hash = "sha256:6af5a2811b6b95b58b829aeac5996d465a5f0c7ed84bd871d603cf8646edf6ff"},
    {file = "pydantic-1.10.22-cp312-cp312-manylinux_2_17_x86_64.manylinux2014_x86_64.whl", hash = "sha256:6cf06d8d40993e79af0ab2102ef5da77b9ddba51248e4cb27f9f3f591fbb096e"},
    {file = "pydantic-1.10.22-cp312-cp312-manylinux_2_5_i686.manylinux1_i686.manylinux_2_17_i686.manylinux2014_i686.whl", hash = "sha256:184b7865b171a6057ad97f4a17fbac81cec29bd103e996e7add3d16b0d95f609"},
    {file = "pydantic-1.10.22-cp312-cp312-musllinux_1_2_i686.whl", hash = "sha256:923ad861677ab09d89be35d36111156063a7ebb44322cdb7b49266e1adaba4bb"},
    {file = "pydantic-1.10.22-cp312-cp312-musllinux_1_2_x86_64.whl", hash = "sha256:82d9a3da1686443fb854c8d2ab9a473251f8f4cdd11b125522efb4d7c646e7bc"},
    {file = "pydantic-1.10.22-cp312-cp312-win_amd64.whl", hash = "sha256:1612604929af4c602694a7f3338b18039d402eb5ddfbf0db44f1ebfaf07f93e7"},
    {file = "pydantic-1.10.22-cp313-cp313-macosx_10_13_x86_64.whl", hash = "sha256:b259dc89c9abcd24bf42f31951fb46c62e904ccf4316393f317abeeecda39978"},
    {file = "pydantic-1.10.22-cp313-cp313-macosx_11_0_arm64.whl", hash = "sha256:9238aa0964d80c0908d2f385e981add58faead4412ca80ef0fa352094c24e46d"},
    {file = "pydantic-1.10.22-cp313-cp313-manylinux_2_17_x86_64.manylinux2014_x86_64.whl", hash = "sha256:6f8029f05b04080e3f1a550575a1bca747c0ea4be48e2d551473d47fd768fc1b"},
    {file = "pydantic-1.10.22-cp313-cp313-manylinux_2_5_i686.manylinux1_i686.manylinux_2_17_i686.manylinux2014_i686.whl", hash = "sha256:5c06918894f119e0431a36c9393bc7cceeb34d1feeb66670ef9b9ca48c073937"},
    {file = "pydantic-1.10.22-cp313-cp313-musllinux_1_2_i686.whl", hash = "sha256:e205311649622ee8fc1ec9089bd2076823797f5cd2c1e3182dc0e12aab835b35"},
    {file = "pydantic-1.10.22-cp313-cp313-musllinux_1_2_x86_64.whl", hash = "sha256:815f0a73d5688d6dd0796a7edb9eca7071bfef961a7b33f91e618822ae7345b7"},
    {file = "pydantic-1.10.22-cp313-cp313-win_amd64.whl", hash = "sha256:9dfce71d42a5cde10e78a469e3d986f656afc245ab1b97c7106036f088dd91f8"},
    {file = "pydantic-1.10.22-cp37-cp37m-macosx_10_9_x86_64.whl", hash = "sha256:3ecaf8177b06aac5d1f442db1288e3b46d9f05f34fd17fdca3ad34105328b61a"},
    {file = "pydantic-1.10.22-cp37-cp37m-manylinux_2_17_x86_64.manylinux2014_x86_64.whl", hash = "sha256:fb36c2de9ea74bd7f66b5481dea8032d399affd1cbfbb9bb7ce539437f1fce62"},
    {file = "pydantic-1.10.22-cp37-cp37m-manylinux_2_5_i686.manylinux1_i686.manylinux_2_17_i686.manylinux2014_i686.whl", hash = "sha256:e6b8d14a256be3b8fff9286d76c532f1a7573fbba5f189305b22471c6679854d"},
    {file = "pydantic-1.10.22-cp37-cp37m-musllinux_1_2_i686.whl", hash = "sha256:1c33269e815db4324e71577174c29c7aa30d1bba51340ce6be976f6f3053a4c6"},
    {file = "pydantic-1.10.22-cp37-cp37m-musllinux_1_2_x86_64.whl", hash = "sha256:8661b3ab2735b2a9ccca2634738534a795f4a10bae3ab28ec0a10c96baa20182"},
    {file = "pydantic-1.10.22-cp37-cp37m-win_amd64.whl", hash = "sha256:22bdd5fe70d4549995981c55b970f59de5c502d5656b2abdfcd0a25be6f3763e"},
    {file = "pydantic-1.10.22-cp38-cp38-macosx_10_9_x86_64.whl", hash = "sha256:e3f33d1358aa4bc2795208cc29ff3118aeaad0ea36f0946788cf7cadeccc166b"},
    {file = "pydantic-1.10.22-cp38-cp38-macosx_11_0_arm64.whl", hash = "sha256:813f079f9cd136cac621f3f9128a4406eb8abd2ad9fdf916a0731d91c6590017"},
    {file = "pydantic-1.10.22-cp38-cp38-manylinux_2_17_x86_64.manylinux2014_x86_64.whl", hash = "sha256:ab618ab8dca6eac7f0755db25f6aba3c22c40e3463f85a1c08dc93092d917704"},
    {file = "pydantic-1.10.22-cp38-cp38-manylinux_2_5_i686.manylinux1_i686.manylinux_2_17_i686.manylinux2014_i686.whl", hash = "sha256:d128e1aaa38db88caca920d5822c98fc06516a09a58b6d3d60fa5ea9099b32cc"},
    {file = "pydantic-1.10.22-cp38-cp38-musllinux_1_2_i686.whl", hash = "sha256:cc97bbc25def7025e55fc9016080773167cda2aad7294e06a37dda04c7d69ece"},
    {file = "pydantic-1.10.22-cp38-cp38-musllinux_1_2_x86_64.whl", hash = "sha256:0dda5d7157d543b1fa565038cae6e952549d0f90071c839b3740fb77c820fab8"},
    {file = "pydantic-1.10.22-cp38-cp38-win_amd64.whl", hash = "sha256:a093fe44fe518cb445d23119511a71f756f8503139d02fcdd1173f7b76c95ffe"},
    {file = "pydantic-1.10.22-cp39-cp39-macosx_10_9_x86_64.whl", hash = "sha256:ec54c89b2568b258bb30d7348ac4d82bec1b58b377fb56a00441e2ac66b24587"},
    {file = "pydantic-1.10.22-cp39-cp39-macosx_11_0_arm64.whl", hash = "sha256:d8f1d1a1532e4f3bcab4e34e8d2197a7def4b67072acd26cfa60e92d75803a48"},
    {file = "pydantic-1.10.22-cp39-cp39-manylinux_2_17_x86_64.manylinux2014_x86_64.whl", hash = "sha256:8ad83ca35508c27eae1005b6b61f369f78aae6d27ead2135ec156a2599910121"},
    {file = "pydantic-1.10.22-cp39-cp39-manylinux_2_5_i686.manylinux1_i686.manylinux_2_17_i686.manylinux2014_i686.whl", hash = "sha256:53cdb44b78c420f570ff16b071ea8cd5a477635c6b0efc343c8a91e3029bbf1a"},
    {file = "pydantic-1.10.22-cp39-cp39-musllinux_1_2_i686.whl", hash = "sha256:16d0a5ae9d98264186ce31acdd7686ec05fd331fab9d68ed777d5cb2d1514e5e"},
    {file = "pydantic-1.10.22-cp39-cp39-musllinux_1_2_x86_64.whl", hash = "sha256:8aee040e25843f036192b1a1af62117504a209a043aa8db12e190bb86ad7e611"},
    {file = "pydantic-1.10.22-cp39-cp39-win_amd64.whl", hash = "sha256:7f691eec68dbbfca497d3c11b92a3e5987393174cbedf03ec7a4184c35c2def6"},
    {file = "pydantic-1.10.22-py3-none-any.whl", hash = "sha256:343037d608bcbd34df937ac259708bfc83664dadf88afe8516c4f282d7d471a9"},
    {file = "pydantic-1.10.22.tar.gz", hash = "sha256:ee1006cebd43a8e7158fb7190bb8f4e2da9649719bff65d0c287282ec38dec6d"},
]

[package.dependencies]
typing-extensions = ">=4.2.0"

[package.extras]
dotenv = ["python-dotenv (>=0.10.4)"]
email = ["email-validator (>=1.0.3)"]

[[package]]
name = "pygments"
version = "2.19.1"
description = "Pygments is a syntax highlighting package written in Python."
optional = false
python-versions = ">=3.8"
files = [
    {file = "pygments-2.19.1-py3-none-any.whl", hash = "sha256:9ea1544ad55cecf4b8242fab6dd35a93bbce657034b0611ee383099054ab6d8c"},
    {file = "pygments-2.19.1.tar.gz", hash = "sha256:61c16d2a8576dc0649d9f39e089b5f02bcd27fba10d8fb4dcc28173f7a45151f"},
]

[package.extras]
windows-terminal = ["colorama (>=0.4.6)"]

[[package]]
name = "rich"
version = "14.0.0"
description = "Render rich text, tables, progress bars, syntax highlighting, markdown and more to the terminal"
optional = false
python-versions = ">=3.8.0"
files = [
    {file = "rich-14.0.0-py3-none-any.whl", hash = "sha256:1c9491e1951aac09caffd42f448ee3d04e58923ffe14993f6e83068dc395d7e0"},
    {file = "rich-14.0.0.tar.gz", hash = "sha256:82f1bc23a6a21ebca4ae0c45af9bdbc492ed20231dcb63f297d6d1021a9d5725"},
]

[package.dependencies]
markdown-it-py = ">=2.2.0"
pygments = ">=2.13.0,<3.0.0"
typing-extensions = {version = ">=4.0.0,<5.0", markers = "python_version < \"3.11\""}

[package.extras]
jupyter = ["ipywidgets (>=7.5.1,<9)"]

[[package]]
name = "shellingham"
version = "1.5.4"
description = "Tool to Detect Surrounding Shell"
optional = false
python-versions = ">=3.7"
files = [
    {file = "shellingham-1.5.4-py2.py3-none-any.whl", hash = "sha256:7ecfff8f2fd72616f7481040475a65b2bf8af90a56c89140852d1120324e8686"},
    {file = "shellingham-1.5.4.tar.gz", hash = "sha256:8dbca0739d487e5bd35ab3ca4b36e11c4078f3a234bfce294b0a0291363404de"},
]

[[package]]
name = "sniffio"
version = "1.3.1"
description = "Sniff out which async library your code is running under"
optional = false
python-versions = ">=3.7"
files = [
    {file = "sniffio-1.3.1-py3-none-any.whl", hash = "sha256:2f6da418d1f1e0fddd844478f41680e794e6051915791a034ff65e5f100525a2"},
    {file = "sniffio-1.3.1.tar.gz", hash = "sha256:f4324edc670a0f49750a81b895f35c3adb843cca46f0530f79fc1babb23789dc"},
]

[[package]]
name = "tqdm"
version = "4.67.1"
description = "Fast, Extensible Progress Meter"
optional = false
python-versions = ">=3.7"
files = [
    {file = "tqdm-4.67.1-py3-none-any.whl", hash = "sha256:26445eca388f82e72884e0d580d5464cd801a3ea01e63e5601bdff9ba6a48de2"},
    {file = "tqdm-4.67.1.tar.gz", hash = "sha256:f8aef9c52c08c13a65f30ea34f4e5aac3fd1a34959879d7e59e63027286627f2"},
]

[package.dependencies]
colorama = {version = "*", markers = "platform_system == \"Windows\""}

[package.extras]
dev = ["nbval", "pytest (>=6)", "pytest-asyncio (>=0.24)", "pytest-cov", "pytest-timeout"]
discord = ["requests"]
notebook = ["ipywidgets (>=6)"]
slack = ["slack-sdk"]
telegram = ["requests"]

[[package]]
name = "typer"
version = "0.12.5"
description = "Typer, build great CLIs. Easy to code. Based on Python type hints."
optional = false
python-versions = ">=3.7"
files = [
    {file = "typer-0.12.5-py3-none-any.whl", hash = "sha256:62fe4e471711b147e3365034133904df3e235698399bc4de2b36c8579298d52b"},
    {file = "typer-0.12.5.tar.gz", hash = "sha256:f592f089bedcc8ec1b974125d64851029c3b1af145f04aca64d69410f0c9b722"},
]

[package.dependencies]
click = ">=8.0.0"
rich = ">=10.11.0"
shellingham = ">=1.3.0"
typing-extensions = ">=3.7.4.3"

[[package]]
name = "typing-extensions"
version = "4.13.2"
description = "Backported and Experimental Type Hints for Python 3.8+"
optional = false
python-versions = ">=3.8"
files = [
    {file = "typing_extensions-4.13.2-py3-none-any.whl", hash = "sha256:a439e7c04b49fec3e5d3e2beaa21755cadbbdc391694e28ccdd36ca4a1408f8c"},
    {file = "typing_extensions-4.13.2.tar.gz", hash = "sha256:e6c81219bd689f51865d9e372991c540bda33a0379d5573cddb9a3a23f7caaef"},
]

[metadata]
lock-version = "2.0"
python-versions = "^3.8"
content-hash = "b33c86c2db41b0aa2d3b05c594e19a7545590fde28d7b3467a4bad2853f9d0db"
